github.com/linozen/wowchemy-hugo-modules v0.29.0 h1:HEEu+9XIHPqnO0VbpKwPOuhBDVHr9tV8fPjjc8RWVzk=
github.com/linozen/wowchemy-hugo-modules v4.8.0+incompatible h1:5ySYwqxhhp8AnTOVzjsPwszvLKROQ5uXV4JZJl6ZdXA=
github.com/linozen/wowchemy-hugo-modules/wowchemy v0.0.0-20210403145842-9daf49bdaeb9 h1:13Z82aNypqalq9cvzzmHiqMrAEDb+m8gmJEdGvMxVNA=
github.com/linozen/wowchemy-hugo-modules/wowchemy v0.0.0-20210403145842-9daf49bdaeb9/go.mod h1:625JRNTmIHN5BhQQ315hz0YtG5uxd1xevR5M7WULuQ8=
github.com/linozen/wowchemy-hugo-modules/wowchemy-cms v0.0.0-20210403150121-f9ebf53d48e3 h1:qyc3d4OcEGuh1Lutwa1TYm08Utv9StwIBFwYxJMRm1g=
github.com/linozen/wowchemy-hugo-modules/wowchemy-cms v0.0.0-20210403150121-f9ebf53d48e3/go.mod h1:E57LVVpuwzZL2u9nPEV8eEAYKunR0zGPi39UjtCbWR0=
