github.com/linozen/wowchemy-hugo-modules/wowchemy v0.0.0-20210404145945-607c9d70e855/go.mod h1:625JRNTmIHN5BhQQ315hz0YtG5uxd1xevR5M7WULuQ8=
github.com/linozen/wowchemy-hugo-modules/wowchemy v0.0.0-20210404150300-ceb0cccecf79 h1:cdNzTZAPFopUwE29w5/Kb3imw6TIvTwIkJ+2gv7SxFM=
github.com/linozen/wowchemy-hugo-modules/wowchemy v0.0.0-20210404150300-ceb0cccecf79/go.mod h1:625JRNTmIHN5BhQQ315hz0YtG5uxd1xevR5M7WULuQ8=
github.com/linozen/wowchemy-hugo-modules/wowchemy v0.0.0-20210404150703-443ef2b125d6 h1:GXD1cvOWz9rLcKKrOGI72lJx2LCvLuficfnHmZMk/CQ=
github.com/linozen/wowchemy-hugo-modules/wowchemy v0.0.0-20210404150703-443ef2b125d6/go.mod h1:625JRNTmIHN5BhQQ315hz0YtG5uxd1xevR5M7WULuQ8=
github.com/linozen/wowchemy-hugo-modules/wowchemy v0.0.0-20210405122659-6adb793c6c73 h1:ijcQ0PlURm7LvB3oTPNVPiIE0/zTzmghWVEe2KllZbI=
github.com/linozen/wowchemy-hugo-modules/wowchemy v0.0.0-20210405122659-6adb793c6c73/go.mod h1:625JRNTmIHN5BhQQ315hz0YtG5uxd1xevR5M7WULuQ8=
github.com/linozen/wowchemy-hugo-modules/wowchemy v0.0.0-20210405125454-50257a91b851 h1:TRrZRcTjjflB4zTpwCBd0hRc6Yx78D4FH6QLInxStD8=
github.com/linozen/wowchemy-hugo-modules/wowchemy v0.0.0-20210405125454-50257a91b851/go.mod h1:625JRNTmIHN5BhQQ315hz0YtG5uxd1xevR5M7WULuQ8=
github.com/linozen/wowchemy-hugo-modules/wowchemy v0.0.0-20210405134853-fac8ceec0b2c h1:WKKSuXpqNloiZLO34mGW0ndr2Gr1t0f5SIbf6KIOZX0=
github.com/linozen/wowchemy-hugo-modules/wowchemy v0.0.0-20210405134853-fac8ceec0b2c/go.mod h1:625JRNTmIHN5BhQQ315hz0YtG5uxd1xevR5M7WULuQ8=
github.com/linozen/wowchemy-hugo-modules/wowchemy v0.0.0-20210406153720-b9da76c584be h1:lSOg8uafeACKOeldKP5dKDMQ+Lk4JYLQHCR6OMJPoB0=
github.com/linozen/wowchemy-hugo-modules/wowchemy v0.0.0-20210406153720-b9da76c584be/go.mod h1:625JRNTmIHN5BhQQ315hz0YtG5uxd1xevR5M7WULuQ8=
github.com/linozen/wowchemy-hugo-modules/wowchemy v0.0.0-20210406172447-e53af19d8795 h1:zY22BoDINXQgiCiM7lzADfzzwq+WZnvw0DgImN95Rzo=
github.com/linozen/wowchemy-hugo-modules/wowchemy v0.0.0-20210406172447-e53af19d8795/go.mod h1:625JRNTmIHN5BhQQ315hz0YtG5uxd1xevR5M7WULuQ8=
github.com/linozen/wowchemy-hugo-modules/wowchemy-cms v0.0.0-20210404145945-607c9d70e855/go.mod h1:E57LVVpuwzZL2u9nPEV8eEAYKunR0zGPi39UjtCbWR0=
github.com/linozen/wowchemy-hugo-modules/wowchemy-cms v0.0.0-20210404150300-ceb0cccecf79 h1:Er4HT7yqY6J2BC3dzDNCRdvHxm01LX1BYKJ7FswCwB4=
github.com/linozen/wowchemy-hugo-modules/wowchemy-cms v0.0.0-20210404150300-ceb0cccecf79/go.mod h1:E57LVVpuwzZL2u9nPEV8eEAYKunR0zGPi39UjtCbWR0=
github.com/linozen/wowchemy-hugo-modules/wowchemy-cms v0.0.0-20210404150703-443ef2b125d6 h1:lKq106p+JCqMMBLQJFGBeaJUUkG8qXJPd87lPynLy6A=
github.com/linozen/wowchemy-hugo-modules/wowchemy-cms v0.0.0-20210404150703-443ef2b125d6/go.mod h1:E57LVVpuwzZL2u9nPEV8eEAYKunR0zGPi39UjtCbWR0=
github.com/linozen/wowchemy-hugo-modules/wowchemy-cms v0.0.0-20210405122659-6adb793c6c73 h1:DCOzfIC6EA29+tQwtEnaxJD9zI5JArjjbKn02FGPc58=
github.com/linozen/wowchemy-hugo-modules/wowchemy-cms v0.0.0-20210405122659-6adb793c6c73/go.mod h1:E57LVVpuwzZL2u9nPEV8eEAYKunR0zGPi39UjtCbWR0=
github.com/linozen/wowchemy-hugo-modules/wowchemy-cms v0.0.0-20210405125454-50257a91b851 h1:ITlTAo+0rbdNe1mm9HZag3VXUCS6NKeja9s4yacu5LQ=
github.com/linozen/wowchemy-hugo-modules/wowchemy-cms v0.0.0-20210405125454-50257a91b851/go.mod h1:E57LVVpuwzZL2u9nPEV8eEAYKunR0zGPi39UjtCbWR0=
github.com/linozen/wowchemy-hugo-modules/wowchemy-cms v0.0.0-20210405134853-fac8ceec0b2c h1:KPoUBFiac+zx28b8lWgFpDgPAT1JhN2j+iQDdWzUNlA=
github.com/linozen/wowchemy-hugo-modules/wowchemy-cms v0.0.0-20210405134853-fac8ceec0b2c/go.mod h1:E57LVVpuwzZL2u9nPEV8eEAYKunR0zGPi39UjtCbWR0=
github.com/linozen/wowchemy-hugo-modules/wowchemy-cms v0.0.0-20210406153720-b9da76c584be h1:F0qFHC5mAKmVB+D68VDzhq0TCil3F3oEa92I4zqL2mA=
github.com/linozen/wowchemy-hugo-modules/wowchemy-cms v0.0.0-20210406153720-b9da76c584be/go.mod h1:E57LVVpuwzZL2u9nPEV8eEAYKunR0zGPi39UjtCbWR0=
github.com/linozen/wowchemy-hugo-modules/wowchemy-cms v0.0.0-20210406172447-e53af19d8795 h1:RI6VhYj5aiZjWksHRJnkqjOrTg5QcLA+q2uWPgvvWAY=
github.com/linozen/wowchemy-hugo-modules/wowchemy-cms v0.0.0-20210406172447-e53af19d8795/go.mod h1:E57LVVpuwzZL2u9nPEV8eEAYKunR0zGPi39UjtCbWR0=
