github.com/linozen/wowchemy-hugo-modules/wowchemy v0.0.0-20210406172447-e53af19d8795 h1:zY22BoDINXQgiCiM7lzADfzzwq+WZnvw0DgImN95Rzo=
github.com/linozen/wowchemy-hugo-modules/wowchemy v0.0.0-20210406172447-e53af19d8795/go.mod h1:625JRNTmIHN5BhQQ315hz0YtG5uxd1xevR5M7WULuQ8=
github.com/linozen/wowchemy-hugo-modules/wowchemy-cms v0.0.0-20210406172447-e53af19d8795 h1:RI6VhYj5aiZjWksHRJnkqjOrTg5QcLA+q2uWPgvvWAY=
github.com/linozen/wowchemy-hugo-modules/wowchemy-cms v0.0.0-20210406172447-e53af19d8795/go.mod h1:E57LVVpuwzZL2u9nPEV8eEAYKunR0zGPi39UjtCbWR0=
github.com/wowchemy/wowchemy-hugo-themes/modules/wowchemy/v5 v5.6.0 h1:l7FIPHFJ8KKktS8Nrfk/u47PkDTbg6TNHg4VY3g41Xc=
github.com/wowchemy/wowchemy-hugo-themes/modules/wowchemy/v5 v5.6.0/go.mod h1:EfRfz/zhkliLPRWYdXRatho64juF3EFaJnciCi5YzwA=
